
Microsoft Visual Studio Solution File, Format Version 12.00
# Visual Studio Version 16
VisualStudioVersion = 16.0.30503.244
MinimumVisualStudioVersion = 10.0.40219.1
Project("{FAE04EC0-301F-11D3-BF4B-00C04F79EFBC}") = "Lab03", "Lab03.csproj", "{D231EC24-8299-4F3E-9F9F-29F57F173E0E}"
EndProject
Global
	GlobalSection(SolutionConfigurationPlatforms) = preSolution
		Debug|Any CPU = Debug|Any CPU
		Release|Any CPU = Release|Any CPU
	EndGlobalSection
	GlobalSection(ProjectConfigurationPlatforms) = postSolution
		{D231EC24-8299-4F3E-9F9F-29F57F173E0E}.Debug|Any CPU.ActiveCfg = Debug|Any CPU
		{D231EC24-8299-4F3E-9F9F-29F57F173E0E}.Debug|Any CPU.Build.0 = Debug|Any CPU
		{D231EC24-8299-4F3E-9F9F-29F57F173E0E}.Release|Any CPU.ActiveCfg = Release|Any CPU
		{D231EC24-8299-4F3E-9F9F-29F57F173E0E}.Release|Any CPU.Build.0 = Release|Any CPU
	EndGlobalSection
	GlobalSection(SolutionProperties) = preSolution
		HideSolutionNode = FALSE
	EndGlobalSection
	GlobalSection(ExtensibilityGlobals) = postSolution
		SolutionGuid = {D5BB1A28-0636-4F8C-9E66-8B2F72B9ABD5}
	EndGlobalSection
EndGlobal
