
Microsoft Visual Studio Solution File, Format Version 12.00
# Visual Studio Version 16
VisualStudioVersion = 16.0.30503.244
MinimumVisualStudioVersion = 10.0.40219.1
Project("{FAE04EC0-301F-11D3-BF4B-00C04F79EFBC}") = "Lab02", "Lab02.csproj", "{163EDDE0-C0D1-49A0-A64F-7B7BD14E3919}"
EndProject
Global
	GlobalSection(SolutionConfigurationPlatforms) = preSolution
		Debug|Any CPU = Debug|Any CPU
		Release|Any CPU = Release|Any CPU
	EndGlobalSection
	GlobalSection(ProjectConfigurationPlatforms) = postSolution
		{163EDDE0-C0D1-49A0-A64F-7B7BD14E3919}.Debug|Any CPU.ActiveCfg = Debug|Any CPU
		{163EDDE0-C0D1-49A0-A64F-7B7BD14E3919}.Debug|Any CPU.Build.0 = Debug|Any CPU
		{163EDDE0-C0D1-49A0-A64F-7B7BD14E3919}.Release|Any CPU.ActiveCfg = Release|Any CPU
		{163EDDE0-C0D1-49A0-A64F-7B7BD14E3919}.Release|Any CPU.Build.0 = Release|Any CPU
	EndGlobalSection
	GlobalSection(SolutionProperties) = preSolution
		HideSolutionNode = FALSE
	EndGlobalSection
	GlobalSection(ExtensibilityGlobals) = postSolution
		SolutionGuid = {54345D84-8E89-454F-A7C6-0096BA882B03}
	EndGlobalSection
EndGlobal
