
Microsoft Visual Studio Solution File, Format Version 12.00
# Visual Studio Version 16
VisualStudioVersion = 16.0.30517.126
MinimumVisualStudioVersion = 10.0.40219.1
Project("{FAE04EC0-301F-11D3-BF4B-00C04F79EFBC}") = "Lab04", "Lab04.csproj", "{48FC1F66-B9FB-414B-8397-98F476E59A06}"
EndProject
Global
	GlobalSection(SolutionConfigurationPlatforms) = preSolution
		Debug|Any CPU = Debug|Any CPU
		Release|Any CPU = Release|Any CPU
	EndGlobalSection
	GlobalSection(ProjectConfigurationPlatforms) = postSolution
		{48FC1F66-B9FB-414B-8397-98F476E59A06}.Debug|Any CPU.ActiveCfg = Debug|Any CPU
		{48FC1F66-B9FB-414B-8397-98F476E59A06}.Debug|Any CPU.Build.0 = Debug|Any CPU
		{48FC1F66-B9FB-414B-8397-98F476E59A06}.Release|Any CPU.ActiveCfg = Release|Any CPU
		{48FC1F66-B9FB-414B-8397-98F476E59A06}.Release|Any CPU.Build.0 = Release|Any CPU
	EndGlobalSection
	GlobalSection(SolutionProperties) = preSolution
		HideSolutionNode = FALSE
	EndGlobalSection
	GlobalSection(ExtensibilityGlobals) = postSolution
		SolutionGuid = {14E69E03-C92A-45FC-A997-C63D86C10A67}
	EndGlobalSection
EndGlobal
