
Microsoft Visual Studio Solution File, Format Version 12.00
# Visual Studio Version 16
VisualStudioVersion = 16.0.30611.23
MinimumVisualStudioVersion = 10.0.40219.1
Project("{FAE04EC0-301F-11D3-BF4B-00C04F79EFBC}") = "Lab11", "Lab11.csproj", "{316884D6-0728-4375-B589-14C1D8D1E5B5}"
EndProject
Global
	GlobalSection(SolutionConfigurationPlatforms) = preSolution
		Debug|Any CPU = Debug|Any CPU
		Release|Any CPU = Release|Any CPU
	EndGlobalSection
	GlobalSection(ProjectConfigurationPlatforms) = postSolution
		{316884D6-0728-4375-B589-14C1D8D1E5B5}.Debug|Any CPU.ActiveCfg = Debug|Any CPU
		{316884D6-0728-4375-B589-14C1D8D1E5B5}.Debug|Any CPU.Build.0 = Debug|Any CPU
		{316884D6-0728-4375-B589-14C1D8D1E5B5}.Release|Any CPU.ActiveCfg = Release|Any CPU
		{316884D6-0728-4375-B589-14C1D8D1E5B5}.Release|Any CPU.Build.0 = Release|Any CPU
	EndGlobalSection
	GlobalSection(SolutionProperties) = preSolution
		HideSolutionNode = FALSE
	EndGlobalSection
	GlobalSection(ExtensibilityGlobals) = postSolution
		SolutionGuid = {CC9D1F44-83CB-4F31-8EA8-370C7B6B21EF}
	EndGlobalSection
EndGlobal
